
Microsoft Visual Studio Solution File, Format Version 12.00
# Visual Studio Version 17
VisualStudioVersion = 17.2.32526.322
MinimumVisualStudioVersion = 10.0.40219.1
Project("{8BC9CEB8-8B4A-11D0-8D11-00A0C91BC942}") = "queue", "queue\queue.vcxproj", "{BC079626-50D4-48EB-B166-C51BED427ED4}"
EndProject
Global
	GlobalSection(SolutionConfigurationPlatforms) = preSolution
		Debug|x64 = Debug|x64
		Debug|x86 = Debug|x86
		Release|x64 = Release|x64
		Release|x86 = Release|x86
	EndGlobalSection
	GlobalSection(ProjectConfigurationPlatforms) = postSolution
		{BC079626-50D4-48EB-B166-C51BED427ED4}.Debug|x64.ActiveCfg = Debug|x64
		{BC079626-50D4-48EB-B166-C51BED427ED4}.Debug|x64.Build.0 = Debug|x64
		{BC079626-50D4-48EB-B166-C51BED427ED4}.Debug|x86.ActiveCfg = Debug|Win32
		{BC079626-50D4-48EB-B166-C51BED427ED4}.Debug|x86.Build.0 = Debug|Win32
		{BC079626-50D4-48EB-B166-C51BED427ED4}.Release|x64.ActiveCfg = Release|x64
		{BC079626-50D4-48EB-B166-C51BED427ED4}.Release|x64.Build.0 = Release|x64
		{BC079626-50D4-48EB-B166-C51BED427ED4}.Release|x86.ActiveCfg = Release|Win32
		{BC079626-50D4-48EB-B166-C51BED427ED4}.Release|x86.Build.0 = Release|Win32
	EndGlobalSection
	GlobalSection(SolutionProperties) = preSolution
		HideSolutionNode = FALSE
	EndGlobalSection
	GlobalSection(ExtensibilityGlobals) = postSolution
		SolutionGuid = {CB27F261-3516-4050-BD9D-767170D0F9B6}
	EndGlobalSection
EndGlobal
